
Microsoft Visual Studio Solution File, Format Version 12.00
# Visual Studio Version 17
VisualStudioVersion = 17.4.33213.308
MinimumVisualStudioVersion = 10.0.40219.1
Project("{FAE04EC0-301F-11D3-BF4B-00C04F79EFBC}") = "Harjoitus 6", "Harjoitus 6\Harjoitus 6.csproj", "{0484B0BD-7D33-4E72-BC39-111D6CBE8139}"
EndProject
Global
	GlobalSection(SolutionConfigurationPlatforms) = preSolution
		Debug|Any CPU = Debug|Any CPU
		Release|Any CPU = Release|Any CPU
	EndGlobalSection
	GlobalSection(ProjectConfigurationPlatforms) = postSolution
		{0484B0BD-7D33-4E72-BC39-111D6CBE8139}.Debug|Any CPU.ActiveCfg = Debug|Any CPU
		{0484B0BD-7D33-4E72-BC39-111D6CBE8139}.Debug|Any CPU.Build.0 = Debug|Any CPU
		{0484B0BD-7D33-4E72-BC39-111D6CBE8139}.Release|Any CPU.ActiveCfg = Release|Any CPU
		{0484B0BD-7D33-4E72-BC39-111D6CBE8139}.Release|Any CPU.Build.0 = Release|Any CPU
	EndGlobalSection
	GlobalSection(SolutionProperties) = preSolution
		HideSolutionNode = FALSE
	EndGlobalSection
	GlobalSection(ExtensibilityGlobals) = postSolution
		SolutionGuid = {0D2565E1-A539-40B3-948D-3E38DB3AB214}
	EndGlobalSection
EndGlobal
