
Microsoft Visual Studio Solution File, Format Version 12.00
# Visual Studio Version 17
VisualStudioVersion = 17.4.33213.308
MinimumVisualStudioVersion = 10.0.40219.1
Project("{FAE04EC0-301F-11D3-BF4B-00C04F79EFBC}") = "Harjoitus2", "Harjoitus2\Harjoitus2.csproj", "{4B30700E-2A2E-451A-9187-AB7D9AAF0643}"
EndProject
Global
	GlobalSection(SolutionConfigurationPlatforms) = preSolution
		Debug|Any CPU = Debug|Any CPU
		Release|Any CPU = Release|Any CPU
	EndGlobalSection
	GlobalSection(ProjectConfigurationPlatforms) = postSolution
		{4B30700E-2A2E-451A-9187-AB7D9AAF0643}.Debug|Any CPU.ActiveCfg = Debug|Any CPU
		{4B30700E-2A2E-451A-9187-AB7D9AAF0643}.Debug|Any CPU.Build.0 = Debug|Any CPU
		{4B30700E-2A2E-451A-9187-AB7D9AAF0643}.Release|Any CPU.ActiveCfg = Release|Any CPU
		{4B30700E-2A2E-451A-9187-AB7D9AAF0643}.Release|Any CPU.Build.0 = Release|Any CPU
	EndGlobalSection
	GlobalSection(SolutionProperties) = preSolution
		HideSolutionNode = FALSE
	EndGlobalSection
	GlobalSection(ExtensibilityGlobals) = postSolution
		SolutionGuid = {69264646-D622-4BB8-96EA-E3A91976116A}
	EndGlobalSection
EndGlobal
